
Microsoft Visual Studio Solution File, Format Version 12.00
# Visual Studio Version 17
VisualStudioVersion = 17.14.36623.8
MinimumVisualStudioVersion = 10.0.40219.1
Project("{FAE04EC0-301F-11D3-BF4B-00C04F79EFBC}") = "SplashGoJunpro.Api", "SplashGoJunpro.Api\SplashGoJunpro.Api.csproj", "{A54B02A6-BA00-473A-B1E1-1B454F5E7FE7}"
EndProject
Global
	GlobalSection(SolutionConfigurationPlatforms) = preSolution
		Debug|Any CPU = Debug|Any CPU
		Release|Any CPU = Release|Any CPU
	EndGlobalSection
	GlobalSection(ProjectConfigurationPlatforms) = postSolution
		{A54B02A6-BA00-473A-B1E1-1B454F5E7FE7}.Debug|Any CPU.ActiveCfg = Debug|Any CPU
		{A54B02A6-BA00-473A-B1E1-1B454F5E7FE7}.Debug|Any CPU.Build.0 = Debug|Any CPU
		{A54B02A6-BA00-473A-B1E1-1B454F5E7FE7}.Release|Any CPU.ActiveCfg = Release|Any CPU
		{A54B02A6-BA00-473A-B1E1-1B454F5E7FE7}.Release|Any CPU.Build.0 = Release|Any CPU
	EndGlobalSection
	GlobalSection(SolutionProperties) = preSolution
		HideSolutionNode = FALSE
	EndGlobalSection
	GlobalSection(ExtensibilityGlobals) = postSolution
		SolutionGuid = {F9D00B17-EC80-4346-A3B1-753591AB9C6A}
	EndGlobalSection
EndGlobal
